
Microsoft Visual Studio Solution File, Format Version 12.00
# Visual Studio Version 17
VisualStudioVersion = 17.5.33530.505
MinimumVisualStudioVersion = 10.0.40219.1
Project("{FAE04EC0-301F-11D3-BF4B-00C04F79EFBC}") = "ConvertidorTemperatura", "ConvertidorTemperatura.csproj", "{5963C212-1E1D-4166-96D6-1C6B669F7681}"
EndProject
Global
	GlobalSection(SolutionConfigurationPlatforms) = preSolution
		Debug|Any CPU = Debug|Any CPU
		Release|Any CPU = Release|Any CPU
	EndGlobalSection
	GlobalSection(ProjectConfigurationPlatforms) = postSolution
		{5963C212-1E1D-4166-96D6-1C6B669F7681}.Debug|Any CPU.ActiveCfg = Debug|Any CPU
		{5963C212-1E1D-4166-96D6-1C6B669F7681}.Debug|Any CPU.Build.0 = Debug|Any CPU
		{5963C212-1E1D-4166-96D6-1C6B669F7681}.Release|Any CPU.ActiveCfg = Release|Any CPU
		{5963C212-1E1D-4166-96D6-1C6B669F7681}.Release|Any CPU.Build.0 = Release|Any CPU
	EndGlobalSection
	GlobalSection(SolutionProperties) = preSolution
		HideSolutionNode = FALSE
	EndGlobalSection
	GlobalSection(ExtensibilityGlobals) = postSolution
		SolutionGuid = {549245F5-12DB-476F-8C47-C8566D00C5EF}
	EndGlobalSection
EndGlobal
