
Microsoft Visual Studio Solution File, Format Version 12.00
# Visual Studio Version 17
VisualStudioVersion = 17.5.33530.505
MinimumVisualStudioVersion = 10.0.40219.1
Project("{FAE04EC0-301F-11D3-BF4B-00C04F79EFBC}") = "Promedios", "Promedios.csproj", "{7AF44C11-E37A-4749-826B-7C58B18E2728}"
EndProject
Global
	GlobalSection(SolutionConfigurationPlatforms) = preSolution
		Debug|Any CPU = Debug|Any CPU
		Release|Any CPU = Release|Any CPU
	EndGlobalSection
	GlobalSection(ProjectConfigurationPlatforms) = postSolution
		{7AF44C11-E37A-4749-826B-7C58B18E2728}.Debug|Any CPU.ActiveCfg = Debug|Any CPU
		{7AF44C11-E37A-4749-826B-7C58B18E2728}.Debug|Any CPU.Build.0 = Debug|Any CPU
		{7AF44C11-E37A-4749-826B-7C58B18E2728}.Release|Any CPU.ActiveCfg = Release|Any CPU
		{7AF44C11-E37A-4749-826B-7C58B18E2728}.Release|Any CPU.Build.0 = Release|Any CPU
	EndGlobalSection
	GlobalSection(SolutionProperties) = preSolution
		HideSolutionNode = FALSE
	EndGlobalSection
	GlobalSection(ExtensibilityGlobals) = postSolution
		SolutionGuid = {C87C1ED7-9440-47CB-AE11-995BB6A38DDF}
	EndGlobalSection
EndGlobal
